
Microsoft Visual Studio Solution File, Format Version 12.00
# Visual Studio 15
VisualStudioVersion = 15.0.28010.2046
MinimumVisualStudioVersion = 10.0.40219.1
Project("{FAE04EC0-301F-11D3-BF4B-00C04F79EFBC}") = "TestWCF.DAL", "TestWCF.DAL\TestWCF.DAL.csproj", "{F3EF2FD2-6DD9-4534-987F-34D7DC486DE7}"
EndProject
Project("{FAE04EC0-301F-11D3-BF4B-00C04F79EFBC}") = "TestWCF.BO", "TestWCF.BO\TestWCF.BO.csproj", "{BAE1AEBB-D061-480C-8726-63B3C5C3A588}"
EndProject
Global
	GlobalSection(SolutionConfigurationPlatforms) = preSolution
		Debug|Any CPU = Debug|Any CPU
		Release|Any CPU = Release|Any CPU
	EndGlobalSection
	GlobalSection(ProjectConfigurationPlatforms) = postSolution
		{F3EF2FD2-6DD9-4534-987F-34D7DC486DE7}.Debug|Any CPU.ActiveCfg = Debug|Any CPU
		{F3EF2FD2-6DD9-4534-987F-34D7DC486DE7}.Debug|Any CPU.Build.0 = Debug|Any CPU
		{F3EF2FD2-6DD9-4534-987F-34D7DC486DE7}.Release|Any CPU.ActiveCfg = Release|Any CPU
		{F3EF2FD2-6DD9-4534-987F-34D7DC486DE7}.Release|Any CPU.Build.0 = Release|Any CPU
		{BAE1AEBB-D061-480C-8726-63B3C5C3A588}.Debug|Any CPU.ActiveCfg = Debug|Any CPU
		{BAE1AEBB-D061-480C-8726-63B3C5C3A588}.Debug|Any CPU.Build.0 = Debug|Any CPU
		{BAE1AEBB-D061-480C-8726-63B3C5C3A588}.Release|Any CPU.ActiveCfg = Release|Any CPU
		{BAE1AEBB-D061-480C-8726-63B3C5C3A588}.Release|Any CPU.Build.0 = Release|Any CPU
	EndGlobalSection
	GlobalSection(SolutionProperties) = preSolution
		HideSolutionNode = FALSE
	EndGlobalSection
	GlobalSection(ExtensibilityGlobals) = postSolution
		SolutionGuid = {F05EE055-AA50-44FA-8EB4-AC3BA7F26371}
	EndGlobalSection
EndGlobal
